
Microsoft Visual Studio Solution File, Format Version 12.00
# Visual Studio Version 17
VisualStudioVersion = 17.14.36414.22 d17.14
MinimumVisualStudioVersion = 10.0.40219.1
Project("{FAE04EC0-301F-11D3-BF4B-00C04F79EFBC}") = "Nomina", "Nomina\Nomina.csproj", "{0CCC72CD-B1CB-4ECE-9E50-392553C9896A}"
EndProject
Global
	GlobalSection(SolutionConfigurationPlatforms) = preSolution
		Debug|Any CPU = Debug|Any CPU
		Release|Any CPU = Release|Any CPU
	EndGlobalSection
	GlobalSection(ProjectConfigurationPlatforms) = postSolution
		{0CCC72CD-B1CB-4ECE-9E50-392553C9896A}.Debug|Any CPU.ActiveCfg = Debug|Any CPU
		{0CCC72CD-B1CB-4ECE-9E50-392553C9896A}.Debug|Any CPU.Build.0 = Debug|Any CPU
		{0CCC72CD-B1CB-4ECE-9E50-392553C9896A}.Release|Any CPU.ActiveCfg = Release|Any CPU
		{0CCC72CD-B1CB-4ECE-9E50-392553C9896A}.Release|Any CPU.Build.0 = Release|Any CPU
	EndGlobalSection
	GlobalSection(SolutionProperties) = preSolution
		HideSolutionNode = FALSE
	EndGlobalSection
	GlobalSection(ExtensibilityGlobals) = postSolution
		SolutionGuid = {365C78F4-6FE4-4855-84F2-C0006A40E372}
	EndGlobalSection
EndGlobal
